// !$*UTF8*$!
{
	archiveVersion = 1;
	classes = {
	};
	objectVersion = 50;
	objects = {

/* Begin PBXBuildFile section */
		8620CBCF2404B23400211732 /* AppDelegate.swift in Sources */ = {isa = PBXBuildFile; fileRef = 8620CBCE2404B23400211732 /* AppDelegate.swift */; };
		8620CBD12404B23400211732 /* SceneDelegate.swift in Sources */ = {isa = PBXBuildFile; fileRef = 8620CBD02404B23400211732 /* SceneDelegate.swift */; };
		8620CBD62404B23400211732 /* Main.storyboard in Resources */ = {isa = PBXBuildFile; fileRef = 8620CBD42404B23400211732 /* Main.storyboard */; };
		8620CBD92404B23400211732 /* MvvmDemoApp.xcdatamodeld in Sources */ = {isa = PBXBuildFile; fileRef = 8620CBD72404B23400211732 /* MvvmDemoApp.xcdatamodeld */; };
		8620CBDB2404B23600211732 /* Assets.xcassets in Resources */ = {isa = PBXBuildFile; fileRef = 8620CBDA2404B23600211732 /* Assets.xcassets */; };
		8620CBDE2404B23600211732 /* LaunchScreen.storyboard in Resources */ = {isa = PBXBuildFile; fileRef = 8620CBDC2404B23600211732 /* LaunchScreen.storyboard */; };
		8620CBE92404B23600211732 /* MvvmDemoAppTests.swift in Sources */ = {isa = PBXBuildFile; fileRef = 8620CBE82404B23600211732 /* MvvmDemoAppTests.swift */; };
		8620CBF72404B6D600211732 /* LoginViewModel.swift in Sources */ = {isa = PBXBuildFile; fileRef = 8620CBF62404B6D600211732 /* LoginViewModel.swift */; };
		8620CBF92404B70300211732 /* LoginResponse.swift in Sources */ = {isa = PBXBuildFile; fileRef = 8620CBF82404B70300211732 /* LoginResponse.swift */; };
		8620CBFD2404BB1500211732 /* LoginViewController.swift in Sources */ = {isa = PBXBuildFile; fileRef = 8620CBFC2404BB1500211732 /* LoginViewController.swift */; };
		863F77882410A59C00F5503B /* EmployeeViewController.swift in Sources */ = {isa = PBXBuildFile; fileRef = 863F77872410A59C00F5503B /* EmployeeViewController.swift */; };
		863F778F2410B9F200F5503B /* EmployeeTableViewCell.swift in Sources */ = {isa = PBXBuildFile; fileRef = 863F778E2410B9F200F5503B /* EmployeeTableViewCell.swift */; };
		863F77922410BDF800F5503B /* HttpUtility.swift in Sources */ = {isa = PBXBuildFile; fileRef = 863F77912410BDF800F5503B /* HttpUtility.swift */; };
		86978CD6241411BD00031C03 /* LoginRequest.swift in Sources */ = {isa = PBXBuildFile; fileRef = 86978CD5241411BD00031C03 /* LoginRequest.swift */; };
		86C6CE94241D3BF300FBDDB3 /* EmployeeViewControllerExtension.swift in Sources */ = {isa = PBXBuildFile; fileRef = 86C6CE93241D3BF300FBDDB3 /* EmployeeViewControllerExtension.swift */; };
		86C6CE97241D3D5300FBDDB3 /* LoginValidation.swift in Sources */ = {isa = PBXBuildFile; fileRef = 86C6CE96241D3D5300FBDDB3 /* LoginValidation.swift */; };
		86C6CE99241D3D7200FBDDB3 /* ValidationResult.swift in Sources */ = {isa = PBXBuildFile; fileRef = 86C6CE98241D3D7200FBDDB3 /* ValidationResult.swift */; };
		86C6CE9F241D63A900FBDDB3 /* LoginResource.swift in Sources */ = {isa = PBXBuildFile; fileRef = 86C6CE9E241D63A900FBDDB3 /* LoginResource.swift */; };
		86C6CEA2241DB74200FBDDB3 /* Common.swift in Sources */ = {isa = PBXBuildFile; fileRef = 86C6CEA1241DB74200FBDDB3 /* Common.swift */; };
		86C6CEA4241DBE4800FBDDB3 /* EmployeeResponseModel.swift in Sources */ = {isa = PBXBuildFile; fileRef = 86C6CEA3241DBE4800FBDDB3 /* EmployeeResponseModel.swift */; };
		86C6CEA6241DDB2800FBDDB3 /* LoginVCExtension.swift in Sources */ = {isa = PBXBuildFile; fileRef = 86C6CEA5241DDB2800FBDDB3 /* LoginVCExtension.swift */; };
		86C6CEAA241E738800FBDDB3 /* LoginView.swift in Sources */ = {isa = PBXBuildFile; fileRef = 86C6CEA9241E738800FBDDB3 /* LoginView.swift */; };
/* End PBXBuildFile section */

/* Begin PBXContainerItemProxy section */
		8620CBE52404B23600211732 /* PBXContainerItemProxy */ = {
			isa = PBXContainerItemProxy;
			containerPortal = 8620CBC32404B23400211732 /* Project object */;
			proxyType = 1;
			remoteGlobalIDString = 8620CBCA2404B23400211732;
			remoteInfo = MvvmDemoApp;
		};
/* End PBXContainerItemProxy section */

/* Begin PBXFileReference section */
		8620CBCB2404B23400211732 /* MvvmDemoApp.app */ = {isa = PBXFileReference; explicitFileType = wrapper.application; includeInIndex = 0; path = MvvmDemoApp.app; sourceTree = BUILT_PRODUCTS_DIR; };
		8620CBCE2404B23400211732 /* AppDelegate.swift */ = {isa = PBXFileReference; lastKnownFileType = sourcecode.swift; path = AppDelegate.swift; sourceTree = "<group>"; };
		8620CBD02404B23400211732 /* SceneDelegate.swift */ = {isa = PBXFileReference; lastKnownFileType = sourcecode.swift; path = SceneDelegate.swift; sourceTree = "<group>"; };
		8620CBD52404B23400211732 /* Base */ = {isa = PBXFileReference; lastKnownFileType = file.storyboard; name = Base; path = Base.lproj/Main.storyboard; sourceTree = "<group>"; };
		8620CBD82404B23400211732 /* MvvmDemoApp.xcdatamodel */ = {isa = PBXFileReference; lastKnownFileType = wrapper.xcdatamodel; path = MvvmDemoApp.xcdatamodel; sourceTree = "<group>"; };
		8620CBDA2404B23600211732 /* Assets.xcassets */ = {isa = PBXFileReference; lastKnownFileType = folder.assetcatalog; path = Assets.xcassets; sourceTree = "<group>"; };
		8620CBDD2404B23600211732 /* Base */ = {isa = PBXFileReference; lastKnownFileType = file.storyboard; name = Base; path = Base.lproj/LaunchScreen.storyboard; sourceTree = "<group>"; };
		8620CBDF2404B23600211732 /* Info.plist */ = {isa = PBXFileReference; lastKnownFileType = text.plist.xml; path = Info.plist; sourceTree = "<group>"; };
		8620CBE42404B23600211732 /* MvvmDemoAppTests.xctest */ = {isa = PBXFileReference; explicitFileType = wrapper.cfbundle; includeInIndex = 0; path = MvvmDemoAppTests.xctest; sourceTree = BUILT_PRODUCTS_DIR; };
		8620CBE82404B23600211732 /* MvvmDemoAppTests.swift */ = {isa = PBXFileReference; lastKnownFileType = sourcecode.swift; path = MvvmDemoAppTests.swift; sourceTree = "<group>"; };
		8620CBEA2404B23600211732 /* Info.plist */ = {isa = PBXFileReference; lastKnownFileType = text.plist.xml; path = Info.plist; sourceTree = "<group>"; };
		8620CBF62404B6D600211732 /* LoginViewModel.swift */ = {isa = PBXFileReference; lastKnownFileType = sourcecode.swift; path = LoginViewModel.swift; sourceTree = "<group>"; };
		8620CBF82404B70300211732 /* LoginResponse.swift */ = {isa = PBXFileReference; lastKnownFileType = sourcecode.swift; path = LoginResponse.swift; sourceTree = "<group>"; };
		8620CBFC2404BB1500211732 /* LoginViewController.swift */ = {isa = PBXFileReference; lastKnownFileType = sourcecode.swift; path = LoginViewController.swift; sourceTree = "<group>"; };
		863F77872410A59C00F5503B /* EmployeeViewController.swift */ = {isa = PBXFileReference; lastKnownFileType = sourcecode.swift; path = EmployeeViewController.swift; sourceTree = "<group>"; };
		863F778E2410B9F200F5503B /* EmployeeTableViewCell.swift */ = {isa = PBXFileReference; lastKnownFileType = sourcecode.swift; path = EmployeeTableViewCell.swift; sourceTree = "<group>"; };
		863F77912410BDF800F5503B /* HttpUtility.swift */ = {isa = PBXFileReference; lastKnownFileType = sourcecode.swift; path = HttpUtility.swift; sourceTree = "<group>"; };
		86978CD5241411BD00031C03 /* LoginRequest.swift */ = {isa = PBXFileReference; lastKnownFileType = sourcecode.swift; path = LoginRequest.swift; sourceTree = "<group>"; };
		86C6CE93241D3BF300FBDDB3 /* EmployeeViewControllerExtension.swift */ = {isa = PBXFileReference; lastKnownFileType = sourcecode.swift; path = EmployeeViewControllerExtension.swift; sourceTree = "<group>"; };
		86C6CE96241D3D5300FBDDB3 /* LoginValidation.swift */ = {isa = PBXFileReference; lastKnownFileType = sourcecode.swift; path = LoginValidation.swift; sourceTree = "<group>"; };
		86C6CE98241D3D7200FBDDB3 /* ValidationResult.swift */ = {isa = PBXFileReference; lastKnownFileType = sourcecode.swift; path = ValidationResult.swift; sourceTree = "<group>"; };
		86C6CE9E241D63A900FBDDB3 /* LoginResource.swift */ = {isa = PBXFileReference; lastKnownFileType = sourcecode.swift; path = LoginResource.swift; sourceTree = "<group>"; };
		86C6CEA1241DB74200FBDDB3 /* Common.swift */ = {isa = PBXFileReference; lastKnownFileType = sourcecode.swift; path = Common.swift; sourceTree = "<group>"; };
		86C6CEA3241DBE4800FBDDB3 /* EmployeeResponseModel.swift */ = {isa = PBXFileReference; lastKnownFileType = sourcecode.swift; path = EmployeeResponseModel.swift; sourceTree = "<group>"; };
		86C6CEA5241DDB2800FBDDB3 /* LoginVCExtension.swift */ = {isa = PBXFileReference; lastKnownFileType = sourcecode.swift; path = LoginVCExtension.swift; sourceTree = "<group>"; };
		86C6CEA9241E738800FBDDB3 /* LoginView.swift */ = {isa = PBXFileReference; lastKnownFileType = sourcecode.swift; path = LoginView.swift; sourceTree = "<group>"; };
/* End PBXFileReference section */

/* Begin PBXFrameworksBuildPhase section */
		8620CBC82404B23400211732 /* Frameworks */ = {
			isa = PBXFrameworksBuildPhase;
			buildActionMask = 2147483647;
			files = (
			);
			runOnlyForDeploymentPostprocessing = 0;
		};
		8620CBE12404B23600211732 /* Frameworks */ = {
			isa = PBXFrameworksBuildPhase;
			buildActionMask = 2147483647;
			files = (
			);
			runOnlyForDeploymentPostprocessing = 0;
		};
/* End PBXFrameworksBuildPhase section */

/* Begin PBXGroup section */
		8620CBC22404B23400211732 = {
			isa = PBXGroup;
			children = (
				8620CBCD2404B23400211732 /* MvvmDemoApp */,
				8620CBE72404B23600211732 /* MvvmDemoAppTests */,
				8620CBCC2404B23400211732 /* Products */,
			);
			sourceTree = "<group>";
		};
		8620CBCC2404B23400211732 /* Products */ = {
			isa = PBXGroup;
			children = (
				8620CBCB2404B23400211732 /* MvvmDemoApp.app */,
				8620CBE42404B23600211732 /* MvvmDemoAppTests.xctest */,
			);
			name = Products;
			sourceTree = "<group>";
		};
		8620CBCD2404B23400211732 /* MvvmDemoApp */ = {
			isa = PBXGroup;
			children = (
				86C6CEA0241DB73700FBDDB3 /* Common */,
				86C6CE9D241D639600FBDDB3 /* DataResources */,
				86C6CE95241D3D4400FBDDB3 /* Validation */,
				863F77902410BDD900F5503B /* Services */,
				8620CBF52404B52400211732 /* Model */,
				8620CBF42404B51B00211732 /* View */,
				8620CBF32404B50E00211732 /* ViewModel */,
				8620CBCE2404B23400211732 /* AppDelegate.swift */,
				8620CBD02404B23400211732 /* SceneDelegate.swift */,
				8620CBD42404B23400211732 /* Main.storyboard */,
				8620CBDA2404B23600211732 /* Assets.xcassets */,
				8620CBDC2404B23600211732 /* LaunchScreen.storyboard */,
				8620CBDF2404B23600211732 /* Info.plist */,
				8620CBD72404B23400211732 /* MvvmDemoApp.xcdatamodeld */,
			);
			path = MvvmDemoApp;
			sourceTree = "<group>";
		};
		8620CBE72404B23600211732 /* MvvmDemoAppTests */ = {
			isa = PBXGroup;
			children = (
				8620CBE82404B23600211732 /* MvvmDemoAppTests.swift */,
				8620CBEA2404B23600211732 /* Info.plist */,
			);
			path = MvvmDemoAppTests;
			sourceTree = "<group>";
		};
		8620CBF32404B50E00211732 /* ViewModel */ = {
			isa = PBXGroup;
			children = (
				8620CBF62404B6D600211732 /* LoginViewModel.swift */,
			);
			path = ViewModel;
			sourceTree = "<group>";
		};
		8620CBF42404B51B00211732 /* View */ = {
			isa = PBXGroup;
			children = (
				86C6CE92241D3BE300FBDDB3 /* Extensions */,
				863F778B2410B9BC00F5503B /* TableCell */,
				8620CBFC2404BB1500211732 /* LoginViewController.swift */,
				863F77872410A59C00F5503B /* EmployeeViewController.swift */,
				86C6CEA9241E738800FBDDB3 /* LoginView.swift */,
			);
			path = View;
			sourceTree = "<group>";
		};
		8620CBF52404B52400211732 /* Model */ = {
			isa = PBXGroup;
			children = (
				86C6CE9A241D634100FBDDB3 /* EmployeeModel */,
				863F77862410A50600F5503B /* LoginModel */,
			);
			path = Model;
			sourceTree = "<group>";
		};
		863F77862410A50600F5503B /* LoginModel */ = {
			isa = PBXGroup;
			children = (
				8620CBF82404B70300211732 /* LoginResponse.swift */,
				86978CD5241411BD00031C03 /* LoginRequest.swift */,
			);
			path = LoginModel;
			sourceTree = "<group>";
		};
		863F778B2410B9BC00F5503B /* TableCell */ = {
			isa = PBXGroup;
			children = (
				863F778E2410B9F200F5503B /* EmployeeTableViewCell.swift */,
			);
			path = TableCell;
			sourceTree = "<group>";
		};
		863F77902410BDD900F5503B /* Services */ = {
			isa = PBXGroup;
			children = (
				863F77912410BDF800F5503B /* HttpUtility.swift */,
			);
			path = Services;
			sourceTree = "<group>";
		};
		86C6CE92241D3BE300FBDDB3 /* Extensions */ = {
			isa = PBXGroup;
			children = (
				86C6CE93241D3BF300FBDDB3 /* EmployeeViewControllerExtension.swift */,
				86C6CEA5241DDB2800FBDDB3 /* LoginVCExtension.swift */,
			);
			path = Extensions;
			sourceTree = "<group>";
		};
		86C6CE95241D3D4400FBDDB3 /* Validation */ = {
			isa = PBXGroup;
			children = (
				86C6CE96241D3D5300FBDDB3 /* LoginValidation.swift */,
				86C6CE98241D3D7200FBDDB3 /* ValidationResult.swift */,
			);
			path = Validation;
			sourceTree = "<group>";
		};
		86C6CE9A241D634100FBDDB3 /* EmployeeModel */ = {
			isa = PBXGroup;
			children = (
				86C6CEA3241DBE4800FBDDB3 /* EmployeeResponseModel.swift */,
			);
			path = EmployeeModel;
			sourceTree = "<group>";
		};
		86C6CE9D241D639600FBDDB3 /* DataResources */ = {
			isa = PBXGroup;
			children = (
				86C6CE9E241D63A900FBDDB3 /* LoginResource.swift */,
			);
			path = DataResources;
			sourceTree = "<group>";
		};
		86C6CEA0241DB73700FBDDB3 /* Common */ = {
			isa = PBXGroup;
			children = (
				86C6CEA1241DB74200FBDDB3 /* Common.swift */,
			);
			path = Common;
			sourceTree = "<group>";
		};
/* End PBXGroup section */

/* Begin PBXNativeTarget section */
		8620CBCA2404B23400211732 /* MvvmDemoApp */ = {
			isa = PBXNativeTarget;
			buildConfigurationList = 8620CBED2404B23600211732 /* Build configuration list for PBXNativeTarget "MvvmDemoApp" */;
			buildPhases = (
				8620CBC72404B23400211732 /* Sources */,
				8620CBC82404B23400211732 /* Frameworks */,
				8620CBC92404B23400211732 /* Resources */,
			);
			buildRules = (
			);
			dependencies = (
			);
			name = MvvmDemoApp;
			productName = MvvmDemoApp;
			productReference = 8620CBCB2404B23400211732 /* MvvmDemoApp.app */;
			productType = "com.apple.product-type.application";
		};
		8620CBE32404B23600211732 /* MvvmDemoAppTests */ = {
			isa = PBXNativeTarget;
			buildConfigurationList = 8620CBF02404B23600211732 /* Build configuration list for PBXNativeTarget "MvvmDemoAppTests" */;
			buildPhases = (
				8620CBE02404B23600211732 /* Sources */,
				8620CBE12404B23600211732 /* Frameworks */,
				8620CBE22404B23600211732 /* Resources */,
			);
			buildRules = (
			);
			dependencies = (
				8620CBE62404B23600211732 /* PBXTargetDependency */,
			);
			name = MvvmDemoAppTests;
			productName = MvvmDemoAppTests;
			productReference = 8620CBE42404B23600211732 /* MvvmDemoAppTests.xctest */;
			productType = "com.apple.product-type.bundle.unit-test";
		};
/* End PBXNativeTarget section */

/* Begin PBXProject section */
		8620CBC32404B23400211732 /* Project object */ = {
			isa = PBXProject;
			attributes = {
				LastSwiftUpdateCheck = 1130;
				LastUpgradeCheck = 1130;
				ORGANIZATIONNAME = Codecat15;
				TargetAttributes = {
					8620CBCA2404B23400211732 = {
						CreatedOnToolsVersion = 11.3.1;
					};
					8620CBE32404B23600211732 = {
						CreatedOnToolsVersion = 11.3.1;
						TestTargetID = 8620CBCA2404B23400211732;
					};
				};
			};
			buildConfigurationList = 8620CBC62404B23400211732 /* Build configuration list for PBXProject "MvvmDemoApp" */;
			compatibilityVersion = "Xcode 9.3";
			developmentRegion = en;
			hasScannedForEncodings = 0;
			knownRegions = (
				en,
				Base,
			);
			mainGroup = 8620CBC22404B23400211732;
			productRefGroup = 8620CBCC2404B23400211732 /* Products */;
			projectDirPath = "";
			projectRoot = "";
			targets = (
				8620CBCA2404B23400211732 /* MvvmDemoApp */,
				8620CBE32404B23600211732 /* MvvmDemoAppTests */,
			);
		};
/* End PBXProject section */

/* Begin PBXResourcesBuildPhase section */
		8620CBC92404B23400211732 /* Resources */ = {
			isa = PBXResourcesBuildPhase;
			buildActionMask = 2147483647;
			files = (
				8620CBDE2404B23600211732 /* LaunchScreen.storyboard in Resources */,
				8620CBDB2404B23600211732 /* Assets.xcassets in Resources */,
				8620CBD62404B23400211732 /* Main.storyboard in Resources */,
			);
			runOnlyForDeploymentPostprocessing = 0;
		};
		8620CBE22404B23600211732 /* Resources */ = {
			isa = PBXResourcesBuildPhase;
			buildActionMask = 2147483647;
			files = (
			);
			runOnlyForDeploymentPostprocessing = 0;
		};
/* End PBXResourcesBuildPhase section */

/* Begin PBXSourcesBuildPhase section */
		8620CBC72404B23400211732 /* Sources */ = {
			isa = PBXSourcesBuildPhase;
			buildActionMask = 2147483647;
			files = (
				8620CBFD2404BB1500211732 /* LoginViewController.swift in Sources */,
				86C6CE99241D3D7200FBDDB3 /* ValidationResult.swift in Sources */,
				8620CBD92404B23400211732 /* MvvmDemoApp.xcdatamodeld in Sources */,
				8620CBCF2404B23400211732 /* AppDelegate.swift in Sources */,
				86978CD6241411BD00031C03 /* LoginRequest.swift in Sources */,
				86C6CE97241D3D5300FBDDB3 /* LoginValidation.swift in Sources */,
				86C6CEA4241DBE4800FBDDB3 /* EmployeeResponseModel.swift in Sources */,
				86C6CE94241D3BF300FBDDB3 /* EmployeeViewControllerExtension.swift in Sources */,
				863F77922410BDF800F5503B /* HttpUtility.swift in Sources */,
				8620CBF92404B70300211732 /* LoginResponse.swift in Sources */,
				86C6CEA6241DDB2800FBDDB3 /* LoginVCExtension.swift in Sources */,
				863F778F2410B9F200F5503B /* EmployeeTableViewCell.swift in Sources */,
				86C6CEAA241E738800FBDDB3 /* LoginView.swift in Sources */,
				8620CBF72404B6D600211732 /* LoginViewModel.swift in Sources */,
				86C6CE9F241D63A900FBDDB3 /* LoginResource.swift in Sources */,
				863F77882410A59C00F5503B /* EmployeeViewController.swift in Sources */,
				86C6CEA2241DB74200FBDDB3 /* Common.swift in Sources */,
				8620CBD12404B23400211732 /* SceneDelegate.swift in Sources */,
			);
			runOnlyForDeploymentPostprocessing = 0;
		};
		8620CBE02404B23600211732 /* Sources */ = {
			isa = PBXSourcesBuildPhase;
			buildActionMask = 2147483647;
			files = (
				8620CBE92404B23600211732 /* MvvmDemoAppTests.swift in Sources */,
			);
			runOnlyForDeploymentPostprocessing = 0;
		};
/* End PBXSourcesBuildPhase section */

/* Begin PBXTargetDependency section */
		8620CBE62404B23600211732 /* PBXTargetDependency */ = {
			isa = PBXTargetDependency;
			target = 8620CBCA2404B23400211732 /* MvvmDemoApp */;
			targetProxy = 8620CBE52404B23600211732 /* PBXContainerItemProxy */;
		};
/* End PBXTargetDependency section */

/* Begin PBXVariantGroup section */
		8620CBD42404B23400211732 /* Main.storyboard */ = {
			isa = PBXVariantGroup;
			children = (
				8620CBD52404B23400211732 /* Base */,
			);
			name = Main.storyboard;
			sourceTree = "<group>";
		};
		8620CBDC2404B23600211732 /* LaunchScreen.storyboard */ = {
			isa = PBXVariantGroup;
			children = (
				8620CBDD2404B23600211732 /* Base */,
			);
			name = LaunchScreen.storyboard;
			sourceTree = "<group>";
		};
/* End PBXVariantGroup section */

/* Begin XCBuildConfiguration section */
		8620CBEB2404B23600211732 /* Debug */ = {
			isa = XCBuildConfiguration;
			buildSettings = {
				ALWAYS_SEARCH_USER_PATHS = NO;
				CLANG_ANALYZER_NONNULL = YES;
				CLANG_ANALYZER_NUMBER_OBJECT_CONVERSION = YES_AGGRESSIVE;
				CLANG_CXX_LANGUAGE_STANDARD = "gnu++14";
				CLANG_CXX_LIBRARY = "libc++";
				CLANG_ENABLE_MODULES = YES;
				CLANG_ENABLE_OBJC_ARC = YES;
				CLANG_ENABLE_OBJC_WEAK = YES;
				CLANG_WARN_BLOCK_CAPTURE_AUTORELEASING = YES;
				CLANG_WARN_BOOL_CONVERSION = YES;
				CLANG_WARN_COMMA = YES;
				CLANG_WARN_CONSTANT_CONVERSION = YES;
				CLANG_WARN_DEPRECATED_OBJC_IMPLEMENTATIONS = YES;
				CLANG_WARN_DIRECT_OBJC_ISA_USAGE = YES_ERROR;
				CLANG_WARN_DOCUMENTATION_COMMENTS = YES;
				CLANG_WARN_EMPTY_BODY = YES;
				CLANG_WARN_ENUM_CONVERSION = YES;
				CLANG_WARN_INFINITE_RECURSION = YES;
				CLANG_WARN_INT_CONVERSION = YES;
				CLANG_WARN_NON_LITERAL_NULL_CONVERSION = YES;
				CLANG_WARN_OBJC_IMPLICIT_RETAIN_SELF = YES;
				CLANG_WARN_OBJC_LITERAL_CONVERSION = YES;
				CLANG_WARN_OBJC_ROOT_CLASS = YES_ERROR;
				CLANG_WARN_RANGE_LOOP_ANALYSIS = YES;
				CLANG_WARN_STRICT_PROTOTYPES = YES;
				CLANG_WARN_SUSPICIOUS_MOVE = YES;
				CLANG_WARN_UNGUARDED_AVAILABILITY = YES_AGGRESSIVE;
				CLANG_WARN_UNREACHABLE_CODE = YES;
				CLANG_WARN__DUPLICATE_METHOD_MATCH = YES;
				COPY_PHASE_STRIP = NO;
				DEBUG_INFORMATION_FORMAT = dwarf;
				ENABLE_STRICT_OBJC_MSGSEND = YES;
				ENABLE_TESTABILITY = YES;
				GCC_C_LANGUAGE_STANDARD = gnu11;
				GCC_DYNAMIC_NO_PIC = NO;
				GCC_NO_COMMON_BLOCKS = YES;
				GCC_OPTIMIZATION_LEVEL = 0;
				GCC_PREPROCESSOR_DEFINITIONS = (
					"DEBUG=1",
					"$(inherited)",
				);
				GCC_WARN_64_TO_32_BIT_CONVERSION = YES;
				GCC_WARN_ABOUT_RETURN_TYPE = YES_ERROR;
				GCC_WARN_UNDECLARED_SELECTOR = YES;
				GCC_WARN_UNINITIALIZED_AUTOS = YES_AGGRESSIVE;
				GCC_WARN_UNUSED_FUNCTION = YES;
				GCC_WARN_UNUSED_VARIABLE = YES;
				IPHONEOS_DEPLOYMENT_TARGET = 13.2;
				MTL_ENABLE_DEBUG_INFO = INCLUDE_SOURCE;
				MTL_FAST_MATH = YES;
				ONLY_ACTIVE_ARCH = YES;
				SDKROOT = iphoneos;
				SWIFT_ACTIVE_COMPILATION_CONDITIONS = DEBUG;
				SWIFT_OPTIMIZATION_LEVEL = "-Onone";
			};
			name = Debug;
		};
		8620CBEC2404B23600211732 /* Release */ = {
			isa = XCBuildConfiguration;
			buildSettings = {
				ALWAYS_SEARCH_USER_PATHS = NO;
				CLANG_ANALYZER_NONNULL = YES;
				CLANG_ANALYZER_NUMBER_OBJECT_CONVERSION = YES_AGGRESSIVE;
				CLANG_CXX_LANGUAGE_STANDARD = "gnu++14";
				CLANG_CXX_LIBRARY = "libc++";
				CLANG_ENABLE_MODULES = YES;
				CLANG_ENABLE_OBJC_ARC = YES;
				CLANG_ENABLE_OBJC_WEAK = YES;
				CLANG_WARN_BLOCK_CAPTURE_AUTORELEASING = YES;
				CLANG_WARN_BOOL_CONVERSION = YES;
				CLANG_WARN_COMMA = YES;
				CLANG_WARN_CONSTANT_CONVERSION = YES;
				CLANG_WARN_DEPRECATED_OBJC_IMPLEMENTATIONS = YES;
				CLANG_WARN_DIRECT_OBJC_ISA_USAGE = YES_ERROR;
				CLANG_WARN_DOCUMENTATION_COMMENTS = YES;
				CLANG_WARN_EMPTY_BODY = YES;
				CLANG_WARN_ENUM_CONVERSION = YES;
				CLANG_WARN_INFINITE_RECURSION = YES;
				CLANG_WARN_INT_CONVERSION = YES;
				CLANG_WARN_NON_LITERAL_NULL_CONVERSION = YES;
				CLANG_WARN_OBJC_IMPLICIT_RETAIN_SELF = YES;
				CLANG_WARN_OBJC_LITERAL_CONVERSION = YES;
				CLANG_WARN_OBJC_ROOT_CLASS = YES_ERROR;
				CLANG_WARN_RANGE_LOOP_ANALYSIS = YES;
				CLANG_WARN_STRICT_PROTOTYPES = YES;
				CLANG_WARN_SUSPICIOUS_MOVE = YES;
				CLANG_WARN_UNGUARDED_AVAILABILITY = YES_AGGRESSIVE;
				CLANG_WARN_UNREACHABLE_CODE = YES;
				CLANG_WARN__DUPLICATE_METHOD_MATCH = YES;
				COPY_PHASE_STRIP = NO;
				DEBUG_INFORMATION_FORMAT = "dwarf-with-dsym";
				ENABLE_NS_ASSERTIONS = NO;
				ENABLE_STRICT_OBJC_MSGSEND = YES;
				GCC_C_LANGUAGE_STANDARD = gnu11;
				GCC_NO_COMMON_BLOCKS = YES;
				GCC_WARN_64_TO_32_BIT_CONVERSION = YES;
				GCC_WARN_ABOUT_RETURN_TYPE = YES_ERROR;
				GCC_WARN_UNDECLARED_SELECTOR = YES;
				GCC_WARN_UNINITIALIZED_AUTOS = YES_AGGRESSIVE;
				GCC_WARN_UNUSED_FUNCTION = YES;
				GCC_WARN_UNUSED_VARIABLE = YES;
				IPHONEOS_DEPLOYMENT_TARGET = 13.2;
				MTL_ENABLE_DEBUG_INFO = NO;
				MTL_FAST_MATH = YES;
				SDKROOT = iphoneos;
				SWIFT_COMPILATION_MODE = wholemodule;
				SWIFT_OPTIMIZATION_LEVEL = "-O";
				VALIDATE_PRODUCT = YES;
			};
			name = Release;
		};
		8620CBEE2404B23600211732 /* Debug */ = {
			isa = XCBuildConfiguration;
			buildSettings = {
				ASSETCATALOG_COMPILER_APPICON_NAME = AppIcon;
				CODE_SIGN_STYLE = Automatic;
				INFOPLIST_FILE = MvvmDemoApp/Info.plist;
				LD_RUNPATH_SEARCH_PATHS = (
					"$(inherited)",
					"@executable_path/Frameworks",
				);
				PRODUCT_BUNDLE_IDENTIFIER = com.codecat15.MvvmDemoApp;
				PRODUCT_NAME = "$(TARGET_NAME)";
				SWIFT_VERSION = 5.0;
				TARGETED_DEVICE_FAMILY = "1,2";
			};
			name = Debug;
		};
		8620CBEF2404B23600211732 /* Release */ = {
			isa = XCBuildConfiguration;
			buildSettings = {
				ASSETCATALOG_COMPILER_APPICON_NAME = AppIcon;
				CODE_SIGN_STYLE = Automatic;
				INFOPLIST_FILE = MvvmDemoApp/Info.plist;
				LD_RUNPATH_SEARCH_PATHS = (
					"$(inherited)",
					"@executable_path/Frameworks",
				);
				PRODUCT_BUNDLE_IDENTIFIER = com.codecat15.MvvmDemoApp;
				PRODUCT_NAME = "$(TARGET_NAME)";
				SWIFT_VERSION = 5.0;
				TARGETED_DEVICE_FAMILY = "1,2";
			};
			name = Release;
		};
		8620CBF12404B23600211732 /* Debug */ = {
			isa = XCBuildConfiguration;
			buildSettings = {
				ALWAYS_EMBED_SWIFT_STANDARD_LIBRARIES = YES;
				BUNDLE_LOADER = "$(TEST_HOST)";
				CODE_SIGN_STYLE = Automatic;
				INFOPLIST_FILE = MvvmDemoAppTests/Info.plist;
				IPHONEOS_DEPLOYMENT_TARGET = 13.2;
				LD_RUNPATH_SEARCH_PATHS = (
					"$(inherited)",
					"@executable_path/Frameworks",
					"@loader_path/Frameworks",
				);
				PRODUCT_BUNDLE_IDENTIFIER = com.codecat15.MvvmDemoAppTests;
				PRODUCT_NAME = "$(TARGET_NAME)";
				SWIFT_VERSION = 5.0;
				TARGETED_DEVICE_FAMILY = "1,2";
				TEST_HOST = "$(BUILT_PRODUCTS_DIR)/MvvmDemoApp.app/MvvmDemoApp";
			};
			name = Debug;
		};
		8620CBF22404B23600211732 /* Release */ = {
			isa = XCBuildConfiguration;
			buildSettings = {
				ALWAYS_EMBED_SWIFT_STANDARD_LIBRARIES = YES;
				BUNDLE_LOADER = "$(TEST_HOST)";
				CODE_SIGN_STYLE = Automatic;
				INFOPLIST_FILE = MvvmDemoAppTests/Info.plist;
				IPHONEOS_DEPLOYMENT_TARGET = 13.2;
				LD_RUNPATH_SEARCH_PATHS = (
					"$(inherited)",
					"@executable_path/Frameworks",
					"@loader_path/Frameworks",
				);
				PRODUCT_BUNDLE_IDENTIFIER = com.codecat15.MvvmDemoAppTests;
				PRODUCT_NAME = "$(TARGET_NAME)";
				SWIFT_VERSION = 5.0;
				TARGETED_DEVICE_FAMILY = "1,2";
				TEST_HOST = "$(BUILT_PRODUCTS_DIR)/MvvmDemoApp.app/MvvmDemoApp";
			};
			name = Release;
		};
/* End XCBuildConfiguration section */

/* Begin XCConfigurationList section */
		8620CBC62404B23400211732 /* Build configuration list for PBXProject "MvvmDemoApp" */ = {
			isa = XCConfigurationList;
			buildConfigurations = (
				8620CBEB2404B23600211732 /* Debug */,
				8620CBEC2404B23600211732 /* Release */,
			);
			defaultConfigurationIsVisible = 0;
			defaultConfigurationName = Release;
		};
		8620CBED2404B23600211732 /* Build configuration list for PBXNativeTarget "MvvmDemoApp" */ = {
			isa = XCConfigurationList;
			buildConfigurations = (
				8620CBEE2404B23600211732 /* Debug */,
				8620CBEF2404B23600211732 /* Release */,
			);
			defaultConfigurationIsVisible = 0;
			defaultConfigurationName = Release;
		};
		8620CBF02404B23600211732 /* Build configuration list for PBXNativeTarget "MvvmDemoAppTests" */ = {
			isa = XCConfigurationList;
			buildConfigurations = (
				8620CBF12404B23600211732 /* Debug */,
				8620CBF22404B23600211732 /* Release */,
			);
			defaultConfigurationIsVisible = 0;
			defaultConfigurationName = Release;
		};
/* End XCConfigurationList section */

/* Begin XCVersionGroup section */
		8620CBD72404B23400211732 /* MvvmDemoApp.xcdatamodeld */ = {
			isa = XCVersionGroup;
			children = (
				8620CBD82404B23400211732 /* MvvmDemoApp.xcdatamodel */,
			);
			currentVersion = 8620CBD82404B23400211732 /* MvvmDemoApp.xcdatamodel */;
			path = MvvmDemoApp.xcdatamodeld;
			sourceTree = "<group>";
			versionGroupType = wrapper.xcdatamodel;
		};
/* End XCVersionGroup section */
	};
	rootObject = 8620CBC32404B23400211732 /* Project object */;
}
